
Microsoft Visual Studio Solution File, Format Version 12.00
# Visual Studio Version 17
VisualStudioVersion = 17.12.35527.113 d17.12
MinimumVisualStudioVersion = 10.0.40219.1
Project("{FAE04EC0-301F-11D3-BF4B-00C04F79EFBC}") = "DB_SQLite_WF", "DB_SQLite_WF\DB_SQLite_WF.csproj", "{D73CC482-DF70-47B4-990B-565E21C9EB69}"
EndProject
Global
	GlobalSection(SolutionConfigurationPlatforms) = preSolution
		Debug|Any CPU = Debug|Any CPU
		Release|Any CPU = Release|Any CPU
	EndGlobalSection
	GlobalSection(ProjectConfigurationPlatforms) = postSolution
		{D73CC482-DF70-47B4-990B-565E21C9EB69}.Debug|Any CPU.ActiveCfg = Debug|Any CPU
		{D73CC482-DF70-47B4-990B-565E21C9EB69}.Debug|Any CPU.Build.0 = Debug|Any CPU
		{D73CC482-DF70-47B4-990B-565E21C9EB69}.Release|Any CPU.ActiveCfg = Release|Any CPU
		{D73CC482-DF70-47B4-990B-565E21C9EB69}.Release|Any CPU.Build.0 = Release|Any CPU
	EndGlobalSection
	GlobalSection(SolutionProperties) = preSolution
		HideSolutionNode = FALSE
	EndGlobalSection
EndGlobal
