
Microsoft Visual Studio Solution File, Format Version 12.00
# Visual Studio Version 17
VisualStudioVersion = 17.11.35312.102
MinimumVisualStudioVersion = 10.0.40219.1
Project("{9A19103F-16F7-4668-BE54-9A1E7A4F7556}") = "Ejercicio1", "Ejercicio1\Ejercicio1.csproj", "{38815A74-18DE-491B-88EA-B9B84B015339}"
EndProject
Project("{9A19103F-16F7-4668-BE54-9A1E7A4F7556}") = "Ejercicio2", "Ejercicio2\Ejercicio2.csproj", "{DA01A3DD-525E-4C15-BBDD-231BF3B3E084}"
EndProject
Project("{9A19103F-16F7-4668-BE54-9A1E7A4F7556}") = "Ejercicio3", "Ejercicio3\Ejercicio3.csproj", "{5DC291B4-0BE5-4B34-9714-8E26201BA919}"
EndProject
Project("{9A19103F-16F7-4668-BE54-9A1E7A4F7556}") = "Ejercicio4", "Ejercicio4\Ejercicio4.csproj", "{6028A20D-9381-4F95-9EB1-E8084EAD7821}"
EndProject
Global
	GlobalSection(SolutionConfigurationPlatforms) = preSolution
		Debug|Any CPU = Debug|Any CPU
		Release|Any CPU = Release|Any CPU
	EndGlobalSection
	GlobalSection(ProjectConfigurationPlatforms) = postSolution
		{38815A74-18DE-491B-88EA-B9B84B015339}.Debug|Any CPU.ActiveCfg = Debug|Any CPU
		{38815A74-18DE-491B-88EA-B9B84B015339}.Debug|Any CPU.Build.0 = Debug|Any CPU
		{38815A74-18DE-491B-88EA-B9B84B015339}.Release|Any CPU.ActiveCfg = Release|Any CPU
		{38815A74-18DE-491B-88EA-B9B84B015339}.Release|Any CPU.Build.0 = Release|Any CPU
		{DA01A3DD-525E-4C15-BBDD-231BF3B3E084}.Debug|Any CPU.ActiveCfg = Debug|Any CPU
		{DA01A3DD-525E-4C15-BBDD-231BF3B3E084}.Debug|Any CPU.Build.0 = Debug|Any CPU
		{DA01A3DD-525E-4C15-BBDD-231BF3B3E084}.Release|Any CPU.ActiveCfg = Release|Any CPU
		{DA01A3DD-525E-4C15-BBDD-231BF3B3E084}.Release|Any CPU.Build.0 = Release|Any CPU
		{5DC291B4-0BE5-4B34-9714-8E26201BA919}.Debug|Any CPU.ActiveCfg = Debug|Any CPU
		{5DC291B4-0BE5-4B34-9714-8E26201BA919}.Debug|Any CPU.Build.0 = Debug|Any CPU
		{5DC291B4-0BE5-4B34-9714-8E26201BA919}.Release|Any CPU.ActiveCfg = Release|Any CPU
		{5DC291B4-0BE5-4B34-9714-8E26201BA919}.Release|Any CPU.Build.0 = Release|Any CPU
		{6028A20D-9381-4F95-9EB1-E8084EAD7821}.Debug|Any CPU.ActiveCfg = Debug|Any CPU
		{6028A20D-9381-4F95-9EB1-E8084EAD7821}.Debug|Any CPU.Build.0 = Debug|Any CPU
		{6028A20D-9381-4F95-9EB1-E8084EAD7821}.Release|Any CPU.ActiveCfg = Release|Any CPU
		{6028A20D-9381-4F95-9EB1-E8084EAD7821}.Release|Any CPU.Build.0 = Release|Any CPU
	EndGlobalSection
	GlobalSection(SolutionProperties) = preSolution
		HideSolutionNode = FALSE
	EndGlobalSection
	GlobalSection(ExtensibilityGlobals) = postSolution
		SolutionGuid = {451F6705-B199-4A5C-ADF1-8690E7A26BA1}
	EndGlobalSection
EndGlobal
